
Microsoft Visual Studio Solution File, Format Version 12.00
# Visual Studio Version 17
VisualStudioVersion = 17.1.32228.430
MinimumVisualStudioVersion = 10.0.40219.1
Project("{FAE04EC0-301F-11D3-BF4B-00C04F79EFBC}") = "newPronia", "newPronia\newPronia.csproj", "{5BCB87DD-4344-49AA-B55E-9781E23BEB4D}"
EndProject
Global
	GlobalSection(SolutionConfigurationPlatforms) = preSolution
		Debug|Any CPU = Debug|Any CPU
		Release|Any CPU = Release|Any CPU
	EndGlobalSection
	GlobalSection(ProjectConfigurationPlatforms) = postSolution
		{5BCB87DD-4344-49AA-B55E-9781E23BEB4D}.Debug|Any CPU.ActiveCfg = Debug|Any CPU
		{5BCB87DD-4344-49AA-B55E-9781E23BEB4D}.Debug|Any CPU.Build.0 = Debug|Any CPU
		{5BCB87DD-4344-49AA-B55E-9781E23BEB4D}.Release|Any CPU.ActiveCfg = Release|Any CPU
		{5BCB87DD-4344-49AA-B55E-9781E23BEB4D}.Release|Any CPU.Build.0 = Release|Any CPU
	EndGlobalSection
	GlobalSection(SolutionProperties) = preSolution
		HideSolutionNode = FALSE
	EndGlobalSection
	GlobalSection(ExtensibilityGlobals) = postSolution
		SolutionGuid = {BC5CACC3-F2C2-49D2-A808-E7430F4486E8}
	EndGlobalSection
EndGlobal
